
Microsoft Visual Studio Solution File, Format Version 12.00
# Visual Studio Version 17
VisualStudioVersion = 17.5.33530.505
MinimumVisualStudioVersion = 10.0.40219.1
Project("{FAE04EC0-301F-11D3-BF4B-00C04F79EFBC}") = "PasswordGenerator", "PasswordGenerator\PasswordGenerator.csproj", "{304AE16B-E7C7-4049-A9EA-2757A83B99BA}"
EndProject
Project("{FAE04EC0-301F-11D3-BF4B-00C04F79EFBC}") = "PasswordGenerator.Tests", "PasswordGenerator.Tests\PasswordGenerator.Tests.csproj", "{F2596718-AA95-4095-A377-F125F46B8ED6}"
EndProject
Global
	GlobalSection(SolutionConfigurationPlatforms) = preSolution
		Debug|Any CPU = Debug|Any CPU
		Release|Any CPU = Release|Any CPU
	EndGlobalSection
	GlobalSection(ProjectConfigurationPlatforms) = postSolution
		{304AE16B-E7C7-4049-A9EA-2757A83B99BA}.Debug|Any CPU.ActiveCfg = Debug|Any CPU
		{304AE16B-E7C7-4049-A9EA-2757A83B99BA}.Debug|Any CPU.Build.0 = Debug|Any CPU
		{304AE16B-E7C7-4049-A9EA-2757A83B99BA}.Release|Any CPU.ActiveCfg = Release|Any CPU
		{304AE16B-E7C7-4049-A9EA-2757A83B99BA}.Release|Any CPU.Build.0 = Release|Any CPU
		{F2596718-AA95-4095-A377-F125F46B8ED6}.Debug|Any CPU.ActiveCfg = Debug|Any CPU
		{F2596718-AA95-4095-A377-F125F46B8ED6}.Debug|Any CPU.Build.0 = Debug|Any CPU
		{F2596718-AA95-4095-A377-F125F46B8ED6}.Release|Any CPU.ActiveCfg = Release|Any CPU
		{F2596718-AA95-4095-A377-F125F46B8ED6}.Release|Any CPU.Build.0 = Release|Any CPU
	EndGlobalSection
	GlobalSection(SolutionProperties) = preSolution
		HideSolutionNode = FALSE
	EndGlobalSection
	GlobalSection(ExtensibilityGlobals) = postSolution
		SolutionGuid = {B9103837-99FA-4246-90D0-68C678EFA4E8}
	EndGlobalSection
EndGlobal
